// !$*UTF8*$!
{
	archiveVersion = 1;
	classes = {
	};
	objectVersion = 46;
	objects = {

/* Begin PBXBuildFile section */
		3A80DD951DBB891E00819114 /* AppDelegate.swift in Sources */ = {isa = PBXBuildFile; fileRef = 3A80DD941DBB891E00819114 /* AppDelegate.swift */; };
		3A80DD971DBB891E00819114 /* ViewController.swift in Sources */ = {isa = PBXBuildFile; fileRef = 3A80DD961DBB891E00819114 /* ViewController.swift */; };
		3A80DD9A1DBB891E00819114 /* Main.storyboard in Resources */ = {isa = PBXBuildFile; fileRef = 3A80DD981DBB891E00819114 /* Main.storyboard */; };
		3A80DD9C1DBB891E00819114 /* Assets.xcassets in Resources */ = {isa = PBXBuildFile; fileRef = 3A80DD9B1DBB891E00819114 /* Assets.xcassets */; };
		3A80DD9F1DBB891E00819114 /* LaunchScreen.storyboard in Resources */ = {isa = PBXBuildFile; fileRef = 3A80DD9D1DBB891E00819114 /* LaunchScreen.storyboard */; };
		3A80DDAA1DBB891F00819114 /* testeBradescoTests.swift in Sources */ = {isa = PBXBuildFile; fileRef = 3A80DDA91DBB891F00819114 /* testeBradescoTests.swift */; };
		3A80DDB51DBB891F00819114 /* testeBradescoUITests.swift in Sources */ = {isa = PBXBuildFile; fileRef = 3A80DDB41DBB891F00819114 /* testeBradescoUITests.swift */; };
		3AB07E2D1DBB953F004AA059 /* bradesco.png in Resources */ = {isa = PBXBuildFile; fileRef = 3AB07E2C1DBB953F004AA059 /* bradesco.png */; };
/* End PBXBuildFile section */

/* Begin PBXContainerItemProxy section */
		3A80DDA61DBB891F00819114 /* PBXContainerItemProxy */ = {
			isa = PBXContainerItemProxy;
			containerPortal = 3A80DD891DBB891E00819114 /* Project object */;
			proxyType = 1;
			remoteGlobalIDString = 3A80DD901DBB891E00819114;
			remoteInfo = testeBradesco;
		};
		3A80DDB11DBB891F00819114 /* PBXContainerItemProxy */ = {
			isa = PBXContainerItemProxy;
			containerPortal = 3A80DD891DBB891E00819114 /* Project object */;
			proxyType = 1;
			remoteGlobalIDString = 3A80DD901DBB891E00819114;
			remoteInfo = testeBradesco;
		};
/* End PBXContainerItemProxy section */

/* Begin PBXFileReference section */
		3A80DD911DBB891E00819114 /* testeBradesco.app */ = {isa = PBXFileReference; explicitFileType = wrapper.application; includeInIndex = 0; path = testeBradesco.app; sourceTree = BUILT_PRODUCTS_DIR; };
		3A80DD941DBB891E00819114 /* AppDelegate.swift */ = {isa = PBXFileReference; lastKnownFileType = sourcecode.swift; path = AppDelegate.swift; sourceTree = "<group>"; };
		3A80DD961DBB891E00819114 /* ViewController.swift */ = {isa = PBXFileReference; lastKnownFileType = sourcecode.swift; path = ViewController.swift; sourceTree = "<group>"; };
		3A80DD991DBB891E00819114 /* Base */ = {isa = PBXFileReference; lastKnownFileType = file.storyboard; name = Base; path = Base.lproj/Main.storyboard; sourceTree = "<group>"; };
		3A80DD9B1DBB891E00819114 /* Assets.xcassets */ = {isa = PBXFileReference; lastKnownFileType = folder.assetcatalog; path = Assets.xcassets; sourceTree = "<group>"; };
		3A80DD9E1DBB891E00819114 /* Base */ = {isa = PBXFileReference; lastKnownFileType = file.storyboard; name = Base; path = Base.lproj/LaunchScreen.storyboard; sourceTree = "<group>"; };
		3A80DDA01DBB891F00819114 /* Info.plist */ = {isa = PBXFileReference; lastKnownFileType = text.plist.xml; path = Info.plist; sourceTree = "<group>"; };
		3A80DDA51DBB891F00819114 /* testeBradescoTests.xctest */ = {isa = PBXFileReference; explicitFileType = wrapper.cfbundle; includeInIndex = 0; path = testeBradescoTests.xctest; sourceTree = BUILT_PRODUCTS_DIR; };
		3A80DDA91DBB891F00819114 /* testeBradescoTests.swift */ = {isa = PBXFileReference; lastKnownFileType = sourcecode.swift; path = testeBradescoTests.swift; sourceTree = "<group>"; };
		3A80DDAB1DBB891F00819114 /* Info.plist */ = {isa = PBXFileReference; lastKnownFileType = text.plist.xml; path = Info.plist; sourceTree = "<group>"; };
		3A80DDB01DBB891F00819114 /* testeBradescoUITests.xctest */ = {isa = PBXFileReference; explicitFileType = wrapper.cfbundle; includeInIndex = 0; path = testeBradescoUITests.xctest; sourceTree = BUILT_PRODUCTS_DIR; };
		3A80DDB41DBB891F00819114 /* testeBradescoUITests.swift */ = {isa = PBXFileReference; lastKnownFileType = sourcecode.swift; path = testeBradescoUITests.swift; sourceTree = "<group>"; };
		3A80DDB61DBB891F00819114 /* Info.plist */ = {isa = PBXFileReference; lastKnownFileType = text.plist.xml; path = Info.plist; sourceTree = "<group>"; };
		3AB07E2C1DBB953F004AA059 /* bradesco.png */ = {isa = PBXFileReference; lastKnownFileType = image.png; name = bradesco.png; path = ../../../bradesco.png; sourceTree = "<group>"; };
/* End PBXFileReference section */

/* Begin PBXFrameworksBuildPhase section */
		3A80DD8E1DBB891E00819114 /* Frameworks */ = {
			isa = PBXFrameworksBuildPhase;
			buildActionMask = 2147483647;
			files = (
			);
			runOnlyForDeploymentPostprocessing = 0;
		};
		3A80DDA21DBB891F00819114 /* Frameworks */ = {
			isa = PBXFrameworksBuildPhase;
			buildActionMask = 2147483647;
			files = (
			);
			runOnlyForDeploymentPostprocessing = 0;
		};
		3A80DDAD1DBB891F00819114 /* Frameworks */ = {
			isa = PBXFrameworksBuildPhase;
			buildActionMask = 2147483647;
			files = (
			);
			runOnlyForDeploymentPostprocessing = 0;
		};
/* End PBXFrameworksBuildPhase section */

/* Begin PBXGroup section */
		3A80DD881DBB891E00819114 = {
			isa = PBXGroup;
			children = (
				3A80DD931DBB891E00819114 /* testeBradesco */,
				3A80DDA81DBB891F00819114 /* testeBradescoTests */,
				3A80DDB31DBB891F00819114 /* testeBradescoUITests */,
				3A80DD921DBB891E00819114 /* Products */,
			);
			sourceTree = "<group>";
		};
		3A80DD921DBB891E00819114 /* Products */ = {
			isa = PBXGroup;
			children = (
				3A80DD911DBB891E00819114 /* testeBradesco.app */,
				3A80DDA51DBB891F00819114 /* testeBradescoTests.xctest */,
				3A80DDB01DBB891F00819114 /* testeBradescoUITests.xctest */,
			);
			name = Products;
			sourceTree = "<group>";
		};
		3A80DD931DBB891E00819114 /* testeBradesco */ = {
			isa = PBXGroup;
			children = (
				3AB07E2B1DBB93AE004AA059 /* viewController */,
				3A80DD941DBB891E00819114 /* AppDelegate.swift */,
				3A80DD961DBB891E00819114 /* ViewController.swift */,
				3A80DD981DBB891E00819114 /* Main.storyboard */,
				3A80DD9B1DBB891E00819114 /* Assets.xcassets */,
				3AB07E2C1DBB953F004AA059 /* bradesco.png */,
				3A80DD9D1DBB891E00819114 /* LaunchScreen.storyboard */,
				3A80DDA01DBB891F00819114 /* Info.plist */,
			);
			path = testeBradesco;
			sourceTree = "<group>";
		};
		3A80DDA81DBB891F00819114 /* testeBradescoTests */ = {
			isa = PBXGroup;
			children = (
				3A80DDA91DBB891F00819114 /* testeBradescoTests.swift */,
				3A80DDAB1DBB891F00819114 /* Info.plist */,
			);
			path = testeBradescoTests;
			sourceTree = "<group>";
		};
		3A80DDB31DBB891F00819114 /* testeBradescoUITests */ = {
			isa = PBXGroup;
			children = (
				3A80DDB41DBB891F00819114 /* testeBradescoUITests.swift */,
				3A80DDB61DBB891F00819114 /* Info.plist */,
			);
			path = testeBradescoUITests;
			sourceTree = "<group>";
		};
		3AB07E2B1DBB93AE004AA059 /* viewController */ = {
			isa = PBXGroup;
			children = (
			);
			name = viewController;
			sourceTree = "<group>";
		};
/* End PBXGroup section */

/* Begin PBXNativeTarget section */
		3A80DD901DBB891E00819114 /* testeBradesco */ = {
			isa = PBXNativeTarget;
			buildConfigurationList = 3A80DDB91DBB891F00819114 /* Build configuration list for PBXNativeTarget "testeBradesco" */;
			buildPhases = (
				3A80DD8D1DBB891E00819114 /* Sources */,
				3A80DD8E1DBB891E00819114 /* Frameworks */,
				3A80DD8F1DBB891E00819114 /* Resources */,
			);
			buildRules = (
			);
			dependencies = (
			);
			name = testeBradesco;
			productName = testeBradesco;
			productReference = 3A80DD911DBB891E00819114 /* testeBradesco.app */;
			productType = "com.apple.product-type.application";
		};
		3A80DDA41DBB891F00819114 /* testeBradescoTests */ = {
			isa = PBXNativeTarget;
			buildConfigurationList = 3A80DDBC1DBB891F00819114 /* Build configuration list for PBXNativeTarget "testeBradescoTests" */;
			buildPhases = (
				3A80DDA11DBB891F00819114 /* Sources */,
				3A80DDA21DBB891F00819114 /* Frameworks */,
				3A80DDA31DBB891F00819114 /* Resources */,
			);
			buildRules = (
			);
			dependencies = (
				3A80DDA71DBB891F00819114 /* PBXTargetDependency */,
			);
			name = testeBradescoTests;
			productName = testeBradescoTests;
			productReference = 3A80DDA51DBB891F00819114 /* testeBradescoTests.xctest */;
			productType = "com.apple.product-type.bundle.unit-test";
		};
		3A80DDAF1DBB891F00819114 /* testeBradescoUITests */ = {
			isa = PBXNativeTarget;
			buildConfigurationList = 3A80DDBF1DBB891F00819114 /* Build configuration list for PBXNativeTarget "testeBradescoUITests" */;
			buildPhases = (
				3A80DDAC1DBB891F00819114 /* Sources */,
				3A80DDAD1DBB891F00819114 /* Frameworks */,
				3A80DDAE1DBB891F00819114 /* Resources */,
			);
			buildRules = (
			);
			dependencies = (
				3A80DDB21DBB891F00819114 /* PBXTargetDependency */,
			);
			name = testeBradescoUITests;
			productName = testeBradescoUITests;
			productReference = 3A80DDB01DBB891F00819114 /* testeBradescoUITests.xctest */;
			productType = "com.apple.product-type.bundle.ui-testing";
		};
/* End PBXNativeTarget section */

/* Begin PBXProject section */
		3A80DD891DBB891E00819114 /* Project object */ = {
			isa = PBXProject;
			attributes = {
				LastSwiftUpdateCheck = 0800;
				LastUpgradeCheck = 0800;
				ORGANIZATIONNAME = impacta;
				TargetAttributes = {
					3A80DD901DBB891E00819114 = {
						CreatedOnToolsVersion = 8.0;
						DevelopmentTeam = NBW64X9KU2;
						ProvisioningStyle = Automatic;
					};
					3A80DDA41DBB891F00819114 = {
						CreatedOnToolsVersion = 8.0;
						DevelopmentTeam = NBW64X9KU2;
						ProvisioningStyle = Automatic;
						TestTargetID = 3A80DD901DBB891E00819114;
					};
					3A80DDAF1DBB891F00819114 = {
						CreatedOnToolsVersion = 8.0;
						DevelopmentTeam = NBW64X9KU2;
						ProvisioningStyle = Automatic;
						TestTargetID = 3A80DD901DBB891E00819114;
					};
				};
			};
			buildConfigurationList = 3A80DD8C1DBB891E00819114 /* Build configuration list for PBXProject "testeBradesco" */;
			compatibilityVersion = "Xcode 3.2";
			developmentRegion = English;
			hasScannedForEncodings = 0;
			knownRegions = (
				en,
				Base,
			);
			mainGroup = 3A80DD881DBB891E00819114;
			productRefGroup = 3A80DD921DBB891E00819114 /* Products */;
			projectDirPath = "";
			projectRoot = "";
			targets = (
				3A80DD901DBB891E00819114 /* testeBradesco */,
				3A80DDA41DBB891F00819114 /* testeBradescoTests */,
				3A80DDAF1DBB891F00819114 /* testeBradescoUITests */,
			);
		};
/* End PBXProject section */

/* Begin PBXResourcesBuildPhase section */
		3A80DD8F1DBB891E00819114 /* Resources */ = {
			isa = PBXResourcesBuildPhase;
			buildActionMask = 2147483647;
			files = (
				3A80DD9F1DBB891E00819114 /* LaunchScreen.storyboard in Resources */,
				3A80DD9C1DBB891E00819114 /* Assets.xcassets in Resources */,
				3AB07E2D1DBB953F004AA059 /* bradesco.png in Resources */,
				3A80DD9A1DBB891E00819114 /* Main.storyboard in Resources */,
			);
			runOnlyForDeploymentPostprocessing = 0;
		};
		3A80DDA31DBB891F00819114 /* Resources */ = {
			isa = PBXResourcesBuildPhase;
			buildActionMask = 2147483647;
			files = (
			);
			runOnlyForDeploymentPostprocessing = 0;
		};
		3A80DDAE1DBB891F00819114 /* Resources */ = {
			isa = PBXResourcesBuildPhase;
			buildActionMask = 2147483647;
			files = (
			);
			runOnlyForDeploymentPostprocessing = 0;
		};
/* End PBXResourcesBuildPhase section */

/* Begin PBXSourcesBuildPhase section */
		3A80DD8D1DBB891E00819114 /* Sources */ = {
			isa = PBXSourcesBuildPhase;
			buildActionMask = 2147483647;
			files = (
				3A80DD971DBB891E00819114 /* ViewController.swift in Sources */,
				3A80DD951DBB891E00819114 /* AppDelegate.swift in Sources */,
			);
			runOnlyForDeploymentPostprocessing = 0;
		};
		3A80DDA11DBB891F00819114 /* Sources */ = {
			isa = PBXSourcesBuildPhase;
			buildActionMask = 2147483647;
			files = (
				3A80DDAA1DBB891F00819114 /* testeBradescoTests.swift in Sources */,
			);
			runOnlyForDeploymentPostprocessing = 0;
		};
		3A80DDAC1DBB891F00819114 /* Sources */ = {
			isa = PBXSourcesBuildPhase;
			buildActionMask = 2147483647;
			files = (
				3A80DDB51DBB891F00819114 /* testeBradescoUITests.swift in Sources */,
			);
			runOnlyForDeploymentPostprocessing = 0;
		};
/* End PBXSourcesBuildPhase section */

/* Begin PBXTargetDependency section */
		3A80DDA71DBB891F00819114 /* PBXTargetDependency */ = {
			isa = PBXTargetDependency;
			target = 3A80DD901DBB891E00819114 /* testeBradesco */;
			targetProxy = 3A80DDA61DBB891F00819114 /* PBXContainerItemProxy */;
		};
		3A80DDB21DBB891F00819114 /* PBXTargetDependency */ = {
			isa = PBXTargetDependency;
			target = 3A80DD901DBB891E00819114 /* testeBradesco */;
			targetProxy = 3A80DDB11DBB891F00819114 /* PBXContainerItemProxy */;
		};
/* End PBXTargetDependency section */

/* Begin PBXVariantGroup section */
		3A80DD981DBB891E00819114 /* Main.storyboard */ = {
			isa = PBXVariantGroup;
			children = (
				3A80DD991DBB891E00819114 /* Base */,
			);
			name = Main.storyboard;
			sourceTree = "<group>";
		};
		3A80DD9D1DBB891E00819114 /* LaunchScreen.storyboard */ = {
			isa = PBXVariantGroup;
			children = (
				3A80DD9E1DBB891E00819114 /* Base */,
			);
			name = LaunchScreen.storyboard;
			sourceTree = "<group>";
		};
/* End PBXVariantGroup section */

/* Begin XCBuildConfiguration section */
		3A80DDB71DBB891F00819114 /* Debug */ = {
			isa = XCBuildConfiguration;
			buildSettings = {
				ALWAYS_SEARCH_USER_PATHS = NO;
				CLANG_ANALYZER_NONNULL = YES;
				CLANG_CXX_LANGUAGE_STANDARD = "gnu++0x";
				CLANG_CXX_LIBRARY = "libc++";
				CLANG_ENABLE_MODULES = YES;
				CLANG_ENABLE_OBJC_ARC = YES;
				CLANG_WARN_BOOL_CONVERSION = YES;
				CLANG_WARN_CONSTANT_CONVERSION = YES;
				CLANG_WARN_DIRECT_OBJC_ISA_USAGE = YES_ERROR;
				CLANG_WARN_DOCUMENTATION_COMMENTS = YES;
				CLANG_WARN_EMPTY_BODY = YES;
				CLANG_WARN_ENUM_CONVERSION = YES;
				CLANG_WARN_INFINITE_RECURSION = YES;
				CLANG_WARN_INT_CONVERSION = YES;
				CLANG_WARN_OBJC_ROOT_CLASS = YES_ERROR;
				CLANG_WARN_SUSPICIOUS_MOVES = YES;
				CLANG_WARN_UNREACHABLE_CODE = YES;
				CLANG_WARN__DUPLICATE_METHOD_MATCH = YES;
				"CODE_SIGN_IDENTITY[sdk=iphoneos*]" = "iPhone Developer";
				COPY_PHASE_STRIP = NO;
				DEBUG_INFORMATION_FORMAT = dwarf;
				ENABLE_STRICT_OBJC_MSGSEND = YES;
				ENABLE_TESTABILITY = YES;
				GCC_C_LANGUAGE_STANDARD = gnu99;
				GCC_DYNAMIC_NO_PIC = NO;
				GCC_NO_COMMON_BLOCKS = YES;
				GCC_OPTIMIZATION_LEVEL = 0;
				GCC_PREPROCESSOR_DEFINITIONS = (
					"DEBUG=1",
					"$(inherited)",
				);
				GCC_WARN_64_TO_32_BIT_CONVERSION = YES;
				GCC_WARN_ABOUT_RETURN_TYPE = YES_ERROR;
				GCC_WARN_UNDECLARED_SELECTOR = YES;
				GCC_WARN_UNINITIALIZED_AUTOS = YES_AGGRESSIVE;
				GCC_WARN_UNUSED_FUNCTION = YES;
				GCC_WARN_UNUSED_VARIABLE = YES;
				IPHONEOS_DEPLOYMENT_TARGET = 10.0;
				MTL_ENABLE_DEBUG_INFO = YES;
				ONLY_ACTIVE_ARCH = YES;
				SDKROOT = iphoneos;
				SWIFT_ACTIVE_COMPILATION_CONDITIONS = DEBUG;
				SWIFT_OPTIMIZATION_LEVEL = "-Onone";
				TARGETED_DEVICE_FAMILY = "1,2";
			};
			name = Debug;
		};
		3A80DDB81DBB891F00819114 /* Release */ = {
			isa = XCBuildConfiguration;
			buildSettings = {
				ALWAYS_SEARCH_USER_PATHS = NO;
				CLANG_ANALYZER_NONNULL = YES;
				CLANG_CXX_LANGUAGE_STANDARD = "gnu++0x";
				CLANG_CXX_LIBRARY = "libc++";
				CLANG_ENABLE_MODULES = YES;
				CLANG_ENABLE_OBJC_ARC = YES;
				CLANG_WARN_BOOL_CONVERSION = YES;
				CLANG_WARN_CONSTANT_CONVERSION = YES;
				CLANG_WARN_DIRECT_OBJC_ISA_USAGE = YES_ERROR;
				CLANG_WARN_DOCUMENTATION_COMMENTS = YES;
				CLANG_WARN_EMPTY_BODY = YES;
				CLANG_WARN_ENUM_CONVERSION = YES;
				CLANG_WARN_INFINITE_RECURSION = YES;
				CLANG_WARN_INT_CONVERSION = YES;
				CLANG_WARN_OBJC_ROOT_CLASS = YES_ERROR;
				CLANG_WARN_SUSPICIOUS_MOVES = YES;
				CLANG_WARN_UNREACHABLE_CODE = YES;
				CLANG_WARN__DUPLICATE_METHOD_MATCH = YES;
				"CODE_SIGN_IDENTITY[sdk=iphoneos*]" = "iPhone Developer";
				COPY_PHASE_STRIP = NO;
				DEBUG_INFORMATION_FORMAT = "dwarf-with-dsym";
				ENABLE_NS_ASSERTIONS = NO;
				ENABLE_STRICT_OBJC_MSGSEND = YES;
				GCC_C_LANGUAGE_STANDARD = gnu99;
				GCC_NO_COMMON_BLOCKS = YES;
				GCC_WARN_64_TO_32_BIT_CONVERSION = YES;
				GCC_WARN_ABOUT_RETURN_TYPE = YES_ERROR;
				GCC_WARN_UNDECLARED_SELECTOR = YES;
				GCC_WARN_UNINITIALIZED_AUTOS = YES_AGGRESSIVE;
				GCC_WARN_UNUSED_FUNCTION = YES;
				GCC_WARN_UNUSED_VARIABLE = YES;
				IPHONEOS_DEPLOYMENT_TARGET = 10.0;
				MTL_ENABLE_DEBUG_INFO = NO;
				SDKROOT = iphoneos;
				SWIFT_OPTIMIZATION_LEVEL = "-Owholemodule";
				TARGETED_DEVICE_FAMILY = "1,2";
				VALIDATE_PRODUCT = YES;
			};
			name = Release;
		};
		3A80DDBA1DBB891F00819114 /* Debug */ = {
			isa = XCBuildConfiguration;
			buildSettings = {
				ASSETCATALOG_COMPILER_APPICON_NAME = AppIcon;
				DEVELOPMENT_TEAM = NBW64X9KU2;
				INFOPLIST_FILE = testeBradesco/Info.plist;
				LD_RUNPATH_SEARCH_PATHS = "$(inherited) @executable_path/Frameworks";
				PRODUCT_BUNDLE_IDENTIFIER = impacta.testeBradesco;
				PRODUCT_NAME = "$(TARGET_NAME)";
				SWIFT_VERSION = 3.0;
				TARGETED_DEVICE_FAMILY = 1;
			};
			name = Debug;
		};
		3A80DDBB1DBB891F00819114 /* Release */ = {
			isa = XCBuildConfiguration;
			buildSettings = {
				ASSETCATALOG_COMPILER_APPICON_NAME = AppIcon;
				DEVELOPMENT_TEAM = NBW64X9KU2;
				INFOPLIST_FILE = testeBradesco/Info.plist;
				LD_RUNPATH_SEARCH_PATHS = "$(inherited) @executable_path/Frameworks";
				PRODUCT_BUNDLE_IDENTIFIER = impacta.testeBradesco;
				PRODUCT_NAME = "$(TARGET_NAME)";
				SWIFT_VERSION = 3.0;
				TARGETED_DEVICE_FAMILY = 1;
			};
			name = Release;
		};
		3A80DDBD1DBB891F00819114 /* Debug */ = {
			isa = XCBuildConfiguration;
			buildSettings = {
				ALWAYS_EMBED_SWIFT_STANDARD_LIBRARIES = YES;
				BUNDLE_LOADER = "$(TEST_HOST)";
				DEVELOPMENT_TEAM = NBW64X9KU2;
				INFOPLIST_FILE = testeBradescoTests/Info.plist;
				LD_RUNPATH_SEARCH_PATHS = "$(inherited) @executable_path/Frameworks @loader_path/Frameworks";
				PRODUCT_BUNDLE_IDENTIFIER = impacta.testeBradescoTests;
				PRODUCT_NAME = "$(TARGET_NAME)";
				SWIFT_VERSION = 3.0;
				TEST_HOST = "$(BUILT_PRODUCTS_DIR)/testeBradesco.app/testeBradesco";
			};
			name = Debug;
		};
		3A80DDBE1DBB891F00819114 /* Release */ = {
			isa = XCBuildConfiguration;
			buildSettings = {
				ALWAYS_EMBED_SWIFT_STANDARD_LIBRARIES = YES;
				BUNDLE_LOADER = "$(TEST_HOST)";
				DEVELOPMENT_TEAM = NBW64X9KU2;
				INFOPLIST_FILE = testeBradescoTests/Info.plist;
				LD_RUNPATH_SEARCH_PATHS = "$(inherited) @executable_path/Frameworks @loader_path/Frameworks";
				PRODUCT_BUNDLE_IDENTIFIER = impacta.testeBradescoTests;
				PRODUCT_NAME = "$(TARGET_NAME)";
				SWIFT_VERSION = 3.0;
				TEST_HOST = "$(BUILT_PRODUCTS_DIR)/testeBradesco.app/testeBradesco";
			};
			name = Release;
		};
		3A80DDC01DBB891F00819114 /* Debug */ = {
			isa = XCBuildConfiguration;
			buildSettings = {
				ALWAYS_EMBED_SWIFT_STANDARD_LIBRARIES = YES;
				DEVELOPMENT_TEAM = NBW64X9KU2;
				INFOPLIST_FILE = testeBradescoUITests/Info.plist;
				LD_RUNPATH_SEARCH_PATHS = "$(inherited) @executable_path/Frameworks @loader_path/Frameworks";
				PRODUCT_BUNDLE_IDENTIFIER = impacta.testeBradescoUITests;
				PRODUCT_NAME = "$(TARGET_NAME)";
				SWIFT_VERSION = 3.0;
				TEST_TARGET_NAME = testeBradesco;
			};
			name = Debug;
		};
		3A80DDC11DBB891F00819114 /* Release */ = {
			isa = XCBuildConfiguration;
			buildSettings = {
				ALWAYS_EMBED_SWIFT_STANDARD_LIBRARIES = YES;
				DEVELOPMENT_TEAM = NBW64X9KU2;
				INFOPLIST_FILE = testeBradescoUITests/Info.plist;
				LD_RUNPATH_SEARCH_PATHS = "$(inherited) @executable_path/Frameworks @loader_path/Frameworks";
				PRODUCT_BUNDLE_IDENTIFIER = impacta.testeBradescoUITests;
				PRODUCT_NAME = "$(TARGET_NAME)";
				SWIFT_VERSION = 3.0;
				TEST_TARGET_NAME = testeBradesco;
			};
			name = Release;
		};
/* End XCBuildConfiguration section */

/* Begin XCConfigurationList section */
		3A80DD8C1DBB891E00819114 /* Build configuration list for PBXProject "testeBradesco" */ = {
			isa = XCConfigurationList;
			buildConfigurations = (
				3A80DDB71DBB891F00819114 /* Debug */,
				3A80DDB81DBB891F00819114 /* Release */,
			);
			defaultConfigurationIsVisible = 0;
			defaultConfigurationName = Release;
		};
		3A80DDB91DBB891F00819114 /* Build configuration list for PBXNativeTarget "testeBradesco" */ = {
			isa = XCConfigurationList;
			buildConfigurations = (
				3A80DDBA1DBB891F00819114 /* Debug */,
				3A80DDBB1DBB891F00819114 /* Release */,
			);
			defaultConfigurationIsVisible = 0;
			defaultConfigurationName = Release;
		};
		3A80DDBC1DBB891F00819114 /* Build configuration list for PBXNativeTarget "testeBradescoTests" */ = {
			isa = XCConfigurationList;
			buildConfigurations = (
				3A80DDBD1DBB891F00819114 /* Debug */,
				3A80DDBE1DBB891F00819114 /* Release */,
			);
			defaultConfigurationIsVisible = 0;
			defaultConfigurationName = Release;
		};
		3A80DDBF1DBB891F00819114 /* Build configuration list for PBXNativeTarget "testeBradescoUITests" */ = {
			isa = XCConfigurationList;
			buildConfigurations = (
				3A80DDC01DBB891F00819114 /* Debug */,
				3A80DDC11DBB891F00819114 /* Release */,
			);
			defaultConfigurationIsVisible = 0;
			defaultConfigurationName = Release;
		};
/* End XCConfigurationList section */
	};
	rootObject = 3A80DD891DBB891E00819114 /* Project object */;
}
